
Microsoft Visual Studio Solution File, Format Version 12.00
# Visual Studio Version 17
VisualStudioVersion = 17.7.34003.232
MinimumVisualStudioVersion = 10.0.40219.1
Project("{FAE04EC0-301F-11D3-BF4B-00C04F79EFBC}") = "BaiThucHanh1", "BaiThucHanh1\BaiThucHanh1.csproj", "{7424EBF8-2B39-45E3-BCFC-825AC94671E4}"
EndProject
Global
	GlobalSection(SolutionConfigurationPlatforms) = preSolution
		Debug|Any CPU = Debug|Any CPU
		Release|Any CPU = Release|Any CPU
	EndGlobalSection
	GlobalSection(ProjectConfigurationPlatforms) = postSolution
		{7424EBF8-2B39-45E3-BCFC-825AC94671E4}.Debug|Any CPU.ActiveCfg = Debug|Any CPU
		{7424EBF8-2B39-45E3-BCFC-825AC94671E4}.Debug|Any CPU.Build.0 = Debug|Any CPU
		{7424EBF8-2B39-45E3-BCFC-825AC94671E4}.Release|Any CPU.ActiveCfg = Release|Any CPU
		{7424EBF8-2B39-45E3-BCFC-825AC94671E4}.Release|Any CPU.Build.0 = Release|Any CPU
	EndGlobalSection
	GlobalSection(SolutionProperties) = preSolution
		HideSolutionNode = FALSE
	EndGlobalSection
	GlobalSection(ExtensibilityGlobals) = postSolution
		SolutionGuid = {F4901053-3BA3-4A0E-9345-EB84A4A839E1}
	EndGlobalSection
EndGlobal
